
Microsoft Visual Studio Solution File, Format Version 12.00
# Visual Studio Version 17
VisualStudioVersion = 17.10.35027.167
MinimumVisualStudioVersion = 10.0.40219.1
Project("{FAE04EC0-301F-11D3-BF4B-00C04F79EFBC}") = "StudentToBinary", "StudentToBinary\StudentToBinary.csproj", "{D09F133F-4BFE-476B-B6F3-466C8294CA5E}"
EndProject
Global
	GlobalSection(SolutionConfigurationPlatforms) = preSolution
		Debug|Any CPU = Debug|Any CPU
		Release|Any CPU = Release|Any CPU
	EndGlobalSection
	GlobalSection(ProjectConfigurationPlatforms) = postSolution
		{D09F133F-4BFE-476B-B6F3-466C8294CA5E}.Debug|Any CPU.ActiveCfg = Debug|Any CPU
		{D09F133F-4BFE-476B-B6F3-466C8294CA5E}.Debug|Any CPU.Build.0 = Debug|Any CPU
		{D09F133F-4BFE-476B-B6F3-466C8294CA5E}.Release|Any CPU.ActiveCfg = Release|Any CPU
		{D09F133F-4BFE-476B-B6F3-466C8294CA5E}.Release|Any CPU.Build.0 = Release|Any CPU
	EndGlobalSection
	GlobalSection(SolutionProperties) = preSolution
		HideSolutionNode = FALSE
	EndGlobalSection
	GlobalSection(ExtensibilityGlobals) = postSolution
		SolutionGuid = {F60989F4-E29E-4DF6-9A82-7162B1EC484D}
	EndGlobalSection
EndGlobal
